<?xml version="1.0" encoding="utf-8"?>
<Project ToolsVersion="4.0" xmlns="http://schemas.microsoft.com/developer/msbuild/2003">
  <ItemGroup>
    <Filter Include="Source Files">
      <UniqueIdentifier>{4FC737F1-C7A5-4376-A066-2A32D752A2FF}</UniqueIdentifier>
      <Extensions>cpp;c;cc;cxx;c++;cppm;ixx;def;odl;idl;hpj;bat;asm;asmx</Extensions>
    </Filter>
    <Filter Include="Header Files">
      <UniqueIdentifier>{93995380-89BD-4b04-88EB-625FBE52EBFB}</UniqueIdentifier>
      <Extensions>h;hh;hpp;hxx;h++;hm;inl;inc;ipp;xsd</Extensions>
    </Filter>
    <Filter Include="Resource Files">
      <UniqueIdentifier>{67DA6AB6-F800-4c08-8B7A-83BB121AAD01}</UniqueIdentifier>
      <Extensions>rc;ico;cur;bmp;dlg;rc2;rct;bin;rgs;gif;jpg;jpeg;jpe;resx;tiff;tif;png;wav;mfcribbon-ms</Extensions>
    </Filter>
    <Filter Include="Source Files\Engine">
      <UniqueIdentifier>{78c15a4d-d294-4577-88b1-7a99bede6fd6}</UniqueIdentifier>
    </Filter>
    <Filter Include="Libraries">
      <UniqueIdentifier>{29f42762-5f65-47cf-83bd-2707e9b0ef1b}</UniqueIdentifier>
    </Filter>
    <Filter Include="Source Files\Mesh">
      <UniqueIdentifier>{3b8ac898-9d68-4abd-9582-a22fb95d7310}</UniqueIdentifier>
    </Filter>
    <Filter Include="Source Files\Shaders">
      <UniqueIdentifier>{2f867880-801d-43ea-96c1-06aaae185651}</UniqueIdentifier>
    </Filter>
    <Filter Include="Source Files\Shaders\Basic">
      <UniqueIdentifier>{52b25b25-4bc3-446f-8dce-5cdb3f56a7be}</UniqueIdentifier>
    </Filter>
  </ItemGroup>
  <ItemGroup>
    <ClCompile Include="Entry.cpp">
      <Filter>Source Files</Filter>
    </ClCompile>
    <ClCompile Include="..\..\..\..\..\Libraries\glad\src\glad.c">
      <Filter>Libraries</Filter>
    </ClCompile>
    <ClCompile Include="BasicMesh.cpp">
      <Filter>Source Files\Mesh</Filter>
    </ClCompile>
    <ClCompile Include="Camera.cpp">
      <Filter>Source Files\Engine</Filter>
    </ClCompile>
    <ClCompile Include="Engine.cpp">
      <Filter>Source Files\Engine</Filter>
    </ClCompile>
    <ClCompile Include="World.cpp">
      <Filter>Source Files\Engine</Filter>
    </ClCompile>
  </ItemGroup>
  <ItemGroup>
    <ClInclude Include="pch.h">
      <Filter>Header Files</Filter>
    </ClInclude>
    <ClInclude Include="Screen.h">
      <Filter>Source Files\Engine</Filter>
    </ClInclude>
    <ClInclude Include="Mesh.h">
      <Filter>Source Files\Mesh</Filter>
    </ClInclude>
    <ClInclude Include="BasicMesh.h">
      <Filter>Source Files\Mesh</Filter>
    </ClInclude>
    <ClInclude Include="Shader.h">
      <Filter>Source Files\Shaders</Filter>
    </ClInclude>
    <ClInclude Include="BasicShader.h">
      <Filter>Source Files\Shaders\Basic</Filter>
    </ClInclude>
    <ClInclude Include="Debug.h">
      <Filter>Source Files</Filter>
    </ClInclude>
    <ClInclude Include="Camera.h">
      <Filter>Source Files\Engine</Filter>
    </ClInclude>
    <ClInclude Include="Input.h">
      <Filter>Source Files\Engine</Filter>
    </ClInclude>
    <ClInclude Include="Engine.h">
      <Filter>Source Files\Engine</Filter>
    </ClInclude>
    <ClInclude Include="World.h">
      <Filter>Source Files\Engine</Filter>
    </ClInclude>
  </ItemGroup>
  <ItemGroup>
    <Text Include="CreateHeader.txt" />
  </ItemGroup>
  <ItemGroup>
    <None Include="BasicShaderV.glsl">
      <Filter>Source Files\Shaders\Basic</Filter>
    </None>
    <None Include="BasicShaderF.glsl">
      <Filter>Source Files\Shaders\Basic</Filter>
    </None>
  </ItemGroup>
</Project>